
Microsoft Visual Studio Solution File, Format Version 12.00
# Visual Studio Version 16
VisualStudioVersion = 16.0.30114.105
MinimumVisualStudioVersion = 10.0.40219.1
Project("{2150E333-8FDC-42A3-9474-1A3956D46DE8}") = "src", "src", "{A218F52B-8333-448B-80E3-53EB9F870E3A}"
EndProject
Project("{FAE04EC0-301F-11D3-BF4B-00C04F79EFBC}") = "Censor", "src\Censor\Censor.csproj", "{7CDCD22F-5149-43F5-9FE7-828F9E3FD001}"
EndProject
Project("{2150E333-8FDC-42A3-9474-1A3956D46DE8}") = "tests", "tests", "{EFA7DEFA-3329-4B75-904B-A8185A1E518E}"
EndProject
Project("{FAE04EC0-301F-11D3-BF4B-00C04F79EFBC}") = "Censor.Tests", "tests\Censor.Tests\Censor.Tests.csproj", "{409A3680-E14D-41DF-AD59-C65E96382266}"
EndProject
Global
	GlobalSection(SolutionConfigurationPlatforms) = preSolution
		Debug|Any CPU = Debug|Any CPU
		Release|Any CPU = Release|Any CPU
	EndGlobalSection
	GlobalSection(SolutionProperties) = preSolution
		HideSolutionNode = FALSE
	EndGlobalSection
	GlobalSection(ProjectConfigurationPlatforms) = postSolution
		{7CDCD22F-5149-43F5-9FE7-828F9E3FD001}.Debug|Any CPU.ActiveCfg = Debug|Any CPU
		{7CDCD22F-5149-43F5-9FE7-828F9E3FD001}.Debug|Any CPU.Build.0 = Debug|Any CPU
		{7CDCD22F-5149-43F5-9FE7-828F9E3FD001}.Release|Any CPU.ActiveCfg = Release|Any CPU
		{7CDCD22F-5149-43F5-9FE7-828F9E3FD001}.Release|Any CPU.Build.0 = Release|Any CPU
		{409A3680-E14D-41DF-AD59-C65E96382266}.Debug|Any CPU.ActiveCfg = Debug|Any CPU
		{409A3680-E14D-41DF-AD59-C65E96382266}.Debug|Any CPU.Build.0 = Debug|Any CPU
		{409A3680-E14D-41DF-AD59-C65E96382266}.Release|Any CPU.ActiveCfg = Release|Any CPU
		{409A3680-E14D-41DF-AD59-C65E96382266}.Release|Any CPU.Build.0 = Release|Any CPU
	EndGlobalSection
	GlobalSection(NestedProjects) = preSolution
		{7CDCD22F-5149-43F5-9FE7-828F9E3FD001} = {A218F52B-8333-448B-80E3-53EB9F870E3A}
		{409A3680-E14D-41DF-AD59-C65E96382266} = {EFA7DEFA-3329-4B75-904B-A8185A1E518E}
	EndGlobalSection
EndGlobal
